
Microsoft Visual Studio Solution File, Format Version 12.00
# Visual Studio 2017
Project("{FAE04EC0-301F-11D3-BF4B-00C04F79EFBC}") = "Exercicio_01", "Exercicio_01.csproj", "{A00802FF-37CE-CDB6-057E-6AB13048840D}"
EndProject
Global
	GlobalSection(SolutionConfigurationPlatforms) = preSolution
		Debug|Any CPU = Debug|Any CPU
		Release|Any CPU = Release|Any CPU
	EndGlobalSection
	GlobalSection(ProjectConfigurationPlatforms) = postSolution
		{A00802FF-37CE-CDB6-057E-6AB13048840D}.Debug|Any CPU.ActiveCfg = Debug|Any CPU
		{A00802FF-37CE-CDB6-057E-6AB13048840D}.Debug|Any CPU.Build.0 = Debug|Any CPU
		{A00802FF-37CE-CDB6-057E-6AB13048840D}.Release|Any CPU.ActiveCfg = Release|Any CPU
		{A00802FF-37CE-CDB6-057E-6AB13048840D}.Release|Any CPU.Build.0 = Release|Any CPU
	EndGlobalSection
	GlobalSection(SolutionProperties) = preSolution
		HideSolutionNode = FALSE
	EndGlobalSection
EndGlobal
