
Microsoft Visual Studio Solution File, Format Version 12.00
# Visual Studio 2017
Project("{FAE04EC0-301F-11D3-BF4B-00C04F79EFBC}") = "BrackeysRPG", "BrackeysRPG.csproj", "{A867AA24-DE0A-B422-5016-3C42EE9F5C47}"
EndProject
Project("{FAE04EC0-301F-11D3-BF4B-00C04F79EFBC}") = "BrackeysRPG.Editor", "BrackeysRPG.Editor.csproj", "{D47DFF47-4459-2FA8-CEE1-2EF041632522}"
EndProject
Global
	GlobalSection(SolutionConfigurationPlatforms) = preSolution
		Debug|Any CPU = Debug|Any CPU
		Release|Any CPU = Release|Any CPU
	EndGlobalSection
	GlobalSection(ProjectConfigurationPlatforms) = postSolution
		{A867AA24-DE0A-B422-5016-3C42EE9F5C47}.Debug|Any CPU.ActiveCfg = Debug|Any CPU
		{A867AA24-DE0A-B422-5016-3C42EE9F5C47}.Debug|Any CPU.Build.0 = Debug|Any CPU
		{A867AA24-DE0A-B422-5016-3C42EE9F5C47}.Release|Any CPU.ActiveCfg = Release|Any CPU
		{A867AA24-DE0A-B422-5016-3C42EE9F5C47}.Release|Any CPU.Build.0 = Release|Any CPU
		{D47DFF47-4459-2FA8-CEE1-2EF041632522}.Debug|Any CPU.ActiveCfg = Debug|Any CPU
		{D47DFF47-4459-2FA8-CEE1-2EF041632522}.Debug|Any CPU.Build.0 = Debug|Any CPU
		{D47DFF47-4459-2FA8-CEE1-2EF041632522}.Release|Any CPU.ActiveCfg = Release|Any CPU
		{D47DFF47-4459-2FA8-CEE1-2EF041632522}.Release|Any CPU.Build.0 = Release|Any CPU
	EndGlobalSection
	GlobalSection(SolutionProperties) = preSolution
		HideSolutionNode = FALSE
	EndGlobalSection
EndGlobal
